// !$*UTF8*$!
{
	archiveVersion = 1;
	classes = {
	};
	objectVersion = 56;
	objects = {

/* Begin PBXBuildFile section */
		012854D449A86E5623150227 /* Pods_DayBookTests.framework in Frameworks */ = {isa = PBXBuildFile; fileRef = D3F44BD7CC4C697DD2BFC537 /* Pods_DayBookTests.framework */; };
		1E44B77C29E28E3E00FFBE04 /* AppDelegate.swift in Sources */ = {isa = PBXBuildFile; fileRef = 1E44B77B29E28E3E00FFBE04 /* AppDelegate.swift */; };
		1E44B77E29E28E3E00FFBE04 /* SceneDelegate.swift in Sources */ = {isa = PBXBuildFile; fileRef = 1E44B77D29E28E3E00FFBE04 /* SceneDelegate.swift */; };
		1E44B78029E28E3E00FFBE04 /* MainViewController.swift in Sources */ = {isa = PBXBuildFile; fileRef = 1E44B77F29E28E3E00FFBE04 /* MainViewController.swift */; };
		1E44B78529E28E3F00FFBE04 /* Assets.xcassets in Resources */ = {isa = PBXBuildFile; fileRef = 1E44B78429E28E3F00FFBE04 /* Assets.xcassets */; };
		1E44B78829E28E3F00FFBE04 /* LaunchScreen.storyboard in Resources */ = {isa = PBXBuildFile; fileRef = 1E44B78629E28E3F00FFBE04 /* LaunchScreen.storyboard */; };
		1E44B79329E28E3F00FFBE04 /* DayBookTests.swift in Sources */ = {isa = PBXBuildFile; fileRef = 1E44B79229E28E3F00FFBE04 /* DayBookTests.swift */; };
		1E44B79D29E28E3F00FFBE04 /* DayBookUITests.swift in Sources */ = {isa = PBXBuildFile; fileRef = 1E44B79C29E28E3F00FFBE04 /* DayBookUITests.swift */; };
		1E44B79F29E28E3F00FFBE04 /* DayBookUITestsLaunchTests.swift in Sources */ = {isa = PBXBuildFile; fileRef = 1E44B79E29E28E3F00FFBE04 /* DayBookUITestsLaunchTests.swift */; };
		1E44B7B229E28F8200FFBE04 /* MainPresenter.swift in Sources */ = {isa = PBXBuildFile; fileRef = 1E44B7B129E28F8200FFBE04 /* MainPresenter.swift */; };
		1E44B7B529E2922800FFBE04 /* CalendarManager.swift in Sources */ = {isa = PBXBuildFile; fileRef = 1E44B7B429E2922800FFBE04 /* CalendarManager.swift */; };
		1E44B7B729E2926700FFBE04 /* ModuleBuilder.swift in Sources */ = {isa = PBXBuildFile; fileRef = 1E44B7B629E2926700FFBE04 /* ModuleBuilder.swift */; };
		1E44B7B929E292F800FFBE04 /* NewTaskViewController.swift in Sources */ = {isa = PBXBuildFile; fileRef = 1E44B7B829E292F800FFBE04 /* NewTaskViewController.swift */; };
		1E44B7BB29E2930100FFBE04 /* NewTaskPresenter.swift in Sources */ = {isa = PBXBuildFile; fileRef = 1E44B7BA29E2930100FFBE04 /* NewTaskPresenter.swift */; };
		1E44B7BD29E2930E00FFBE04 /* TaskDetailViewController.swift in Sources */ = {isa = PBXBuildFile; fileRef = 1E44B7BC29E2930E00FFBE04 /* TaskDetailViewController.swift */; };
		1E44B7BF29E2931D00FFBE04 /* TaskDetailPresenter.swift in Sources */ = {isa = PBXBuildFile; fileRef = 1E44B7BE29E2931D00FFBE04 /* TaskDetailPresenter.swift */; };
		1E44B7C429E298F500FFBE04 /* UIView.swift in Sources */ = {isa = PBXBuildFile; fileRef = 1E44B7C129E298F500FFBE04 /* UIView.swift */; };
		1E44B7C529E298F500FFBE04 /* UiTableViewCell.swift in Sources */ = {isa = PBXBuildFile; fileRef = 1E44B7C229E298F500FFBE04 /* UiTableViewCell.swift */; };
		1E44B7C629E298F500FFBE04 /* UITableView.swift in Sources */ = {isa = PBXBuildFile; fileRef = 1E44B7C329E298F500FFBE04 /* UITableView.swift */; };
		1E44B7CB29E2993A00FFBE04 /* Helpers.swift in Sources */ = {isa = PBXBuildFile; fileRef = 1E44B7CA29E2993A00FFBE04 /* Helpers.swift */; };
		1E44B7D129E29CFC00FFBE04 /* SectionViewModel.swift in Sources */ = {isa = PBXBuildFile; fileRef = 1E44B7D029E29CFC00FFBE04 /* SectionViewModel.swift */; };
		1E44B7D329E29D1C00FFBE04 /* SectionType.swift in Sources */ = {isa = PBXBuildFile; fileRef = 1E44B7D229E29D1C00FFBE04 /* SectionType.swift */; };
		1E44B7D529E29D3100FFBE04 /* Row.swift in Sources */ = {isa = PBXBuildFile; fileRef = 1E44B7D429E29D3100FFBE04 /* Row.swift */; };
		1E44B7D729E29D4900FFBE04 /* CalendarViewModel.swift in Sources */ = {isa = PBXBuildFile; fileRef = 1E44B7D629E29D4900FFBE04 /* CalendarViewModel.swift */; };
		1E44B7D929E29D5300FFBE04 /* TaskViewModel.swift in Sources */ = {isa = PBXBuildFile; fileRef = 1E44B7D829E29D5300FFBE04 /* TaskViewModel.swift */; };
		1E44B7DB29E2A49200FFBE04 /* CalendarTableViewCell.swift in Sources */ = {isa = PBXBuildFile; fileRef = 1E44B7DA29E2A49200FFBE04 /* CalendarTableViewCell.swift */; };
		1E44B7DE29E2B21900FFBE04 /* CalendarViewCell.swift in Sources */ = {isa = PBXBuildFile; fileRef = 1E44B7DD29E2B21900FFBE04 /* CalendarViewCell.swift */; };
		1E44B7E029E2D0A600FFBE04 /* TaskTableViewCell.swift in Sources */ = {isa = PBXBuildFile; fileRef = 1E44B7DF29E2D0A600FFBE04 /* TaskTableViewCell.swift */; };
		1E44B7E229E3317C00FFBE04 /* Double.swift in Sources */ = {isa = PBXBuildFile; fileRef = 1E44B7E129E3317C00FFBE04 /* Double.swift */; };
		1E44B7E429E3F90B00FFBE04 /* RealmManager.swift in Sources */ = {isa = PBXBuildFile; fileRef = 1E44B7E329E3F90B00FFBE04 /* RealmManager.swift */; };
		1E44B7E929E4026600FFBE04 /* Item.swift in Sources */ = {isa = PBXBuildFile; fileRef = 1E44B7E829E4026600FFBE04 /* Item.swift */; };
		1E44B7EB29E4026E00FFBE04 /* Category.swift in Sources */ = {isa = PBXBuildFile; fileRef = 1E44B7EA29E4026E00FFBE04 /* Category.swift */; };
		B51338957152F9351133FE0F /* Pods_DayBook_DayBookUITests.framework in Frameworks */ = {isa = PBXBuildFile; fileRef = 13F886F57DA6293BD0633607 /* Pods_DayBook_DayBookUITests.framework */; };
		D4D729133C0F8D21066072CB /* Pods_DayBook.framework in Frameworks */ = {isa = PBXBuildFile; fileRef = 8D6565AE75A0E5108B990F7E /* Pods_DayBook.framework */; };
/* End PBXBuildFile section */

/* Begin PBXContainerItemProxy section */
		1E44B78F29E28E3F00FFBE04 /* PBXContainerItemProxy */ = {
			isa = PBXContainerItemProxy;
			containerPortal = 1E44B77029E28E3E00FFBE04 /* Project object */;
			proxyType = 1;
			remoteGlobalIDString = 1E44B77729E28E3E00FFBE04;
			remoteInfo = DayBook;
		};
		1E44B79929E28E3F00FFBE04 /* PBXContainerItemProxy */ = {
			isa = PBXContainerItemProxy;
			containerPortal = 1E44B77029E28E3E00FFBE04 /* Project object */;
			proxyType = 1;
			remoteGlobalIDString = 1E44B77729E28E3E00FFBE04;
			remoteInfo = DayBook;
		};
/* End PBXContainerItemProxy section */

/* Begin PBXFileReference section */
		13F886F57DA6293BD0633607 /* Pods_DayBook_DayBookUITests.framework */ = {isa = PBXFileReference; explicitFileType = wrapper.framework; includeInIndex = 0; path = Pods_DayBook_DayBookUITests.framework; sourceTree = BUILT_PRODUCTS_DIR; };
		1E44B77829E28E3E00FFBE04 /* DayBook.app */ = {isa = PBXFileReference; explicitFileType = wrapper.application; includeInIndex = 0; path = DayBook.app; sourceTree = BUILT_PRODUCTS_DIR; };
		1E44B77B29E28E3E00FFBE04 /* AppDelegate.swift */ = {isa = PBXFileReference; lastKnownFileType = sourcecode.swift; path = AppDelegate.swift; sourceTree = "<group>"; };
		1E44B77D29E28E3E00FFBE04 /* SceneDelegate.swift */ = {isa = PBXFileReference; lastKnownFileType = sourcecode.swift; path = SceneDelegate.swift; sourceTree = "<group>"; };
		1E44B77F29E28E3E00FFBE04 /* MainViewController.swift */ = {isa = PBXFileReference; lastKnownFileType = sourcecode.swift; path = MainViewController.swift; sourceTree = "<group>"; };
		1E44B78429E28E3F00FFBE04 /* Assets.xcassets */ = {isa = PBXFileReference; lastKnownFileType = folder.assetcatalog; path = Assets.xcassets; sourceTree = "<group>"; };
		1E44B78729E28E3F00FFBE04 /* Base */ = {isa = PBXFileReference; lastKnownFileType = file.storyboard; name = Base; path = Base.lproj/LaunchScreen.storyboard; sourceTree = "<group>"; };
		1E44B78929E28E3F00FFBE04 /* Info.plist */ = {isa = PBXFileReference; lastKnownFileType = text.plist.xml; path = Info.plist; sourceTree = "<group>"; };
		1E44B78E29E28E3F00FFBE04 /* DayBookTests.xctest */ = {isa = PBXFileReference; explicitFileType = wrapper.cfbundle; includeInIndex = 0; path = DayBookTests.xctest; sourceTree = BUILT_PRODUCTS_DIR; };
		1E44B79229E28E3F00FFBE04 /* DayBookTests.swift */ = {isa = PBXFileReference; lastKnownFileType = sourcecode.swift; path = DayBookTests.swift; sourceTree = "<group>"; };
		1E44B79829E28E3F00FFBE04 /* DayBookUITests.xctest */ = {isa = PBXFileReference; explicitFileType = wrapper.cfbundle; includeInIndex = 0; path = DayBookUITests.xctest; sourceTree = BUILT_PRODUCTS_DIR; };
		1E44B79C29E28E3F00FFBE04 /* DayBookUITests.swift */ = {isa = PBXFileReference; lastKnownFileType = sourcecode.swift; path = DayBookUITests.swift; sourceTree = "<group>"; };
		1E44B79E29E28E3F00FFBE04 /* DayBookUITestsLaunchTests.swift */ = {isa = PBXFileReference; lastKnownFileType = sourcecode.swift; path = DayBookUITestsLaunchTests.swift; sourceTree = "<group>"; };
		1E44B7B129E28F8200FFBE04 /* MainPresenter.swift */ = {isa = PBXFileReference; lastKnownFileType = sourcecode.swift; path = MainPresenter.swift; sourceTree = "<group>"; };
		1E44B7B429E2922800FFBE04 /* CalendarManager.swift */ = {isa = PBXFileReference; lastKnownFileType = sourcecode.swift; path = CalendarManager.swift; sourceTree = "<group>"; };
		1E44B7B629E2926700FFBE04 /* ModuleBuilder.swift */ = {isa = PBXFileReference; lastKnownFileType = sourcecode.swift; path = ModuleBuilder.swift; sourceTree = "<group>"; };
		1E44B7B829E292F800FFBE04 /* NewTaskViewController.swift */ = {isa = PBXFileReference; lastKnownFileType = sourcecode.swift; path = NewTaskViewController.swift; sourceTree = "<group>"; };
		1E44B7BA29E2930100FFBE04 /* NewTaskPresenter.swift */ = {isa = PBXFileReference; lastKnownFileType = sourcecode.swift; path = NewTaskPresenter.swift; sourceTree = "<group>"; };
		1E44B7BC29E2930E00FFBE04 /* TaskDetailViewController.swift */ = {isa = PBXFileReference; lastKnownFileType = sourcecode.swift; path = TaskDetailViewController.swift; sourceTree = "<group>"; };
		1E44B7BE29E2931D00FFBE04 /* TaskDetailPresenter.swift */ = {isa = PBXFileReference; lastKnownFileType = sourcecode.swift; path = TaskDetailPresenter.swift; sourceTree = "<group>"; };
		1E44B7C129E298F500FFBE04 /* UIView.swift */ = {isa = PBXFileReference; fileEncoding = 4; lastKnownFileType = sourcecode.swift; path = UIView.swift; sourceTree = "<group>"; };
		1E44B7C229E298F500FFBE04 /* UiTableViewCell.swift */ = {isa = PBXFileReference; fileEncoding = 4; lastKnownFileType = sourcecode.swift; path = UiTableViewCell.swift; sourceTree = "<group>"; };
		1E44B7C329E298F500FFBE04 /* UITableView.swift */ = {isa = PBXFileReference; fileEncoding = 4; lastKnownFileType = sourcecode.swift; path = UITableView.swift; sourceTree = "<group>"; };
		1E44B7CA29E2993A00FFBE04 /* Helpers.swift */ = {isa = PBXFileReference; fileEncoding = 4; lastKnownFileType = sourcecode.swift; path = Helpers.swift; sourceTree = "<group>"; };
		1E44B7D029E29CFC00FFBE04 /* SectionViewModel.swift */ = {isa = PBXFileReference; lastKnownFileType = sourcecode.swift; path = SectionViewModel.swift; sourceTree = "<group>"; };
		1E44B7D229E29D1C00FFBE04 /* SectionType.swift */ = {isa = PBXFileReference; lastKnownFileType = sourcecode.swift; path = SectionType.swift; sourceTree = "<group>"; };
		1E44B7D429E29D3100FFBE04 /* Row.swift */ = {isa = PBXFileReference; lastKnownFileType = sourcecode.swift; path = Row.swift; sourceTree = "<group>"; };
		1E44B7D629E29D4900FFBE04 /* CalendarViewModel.swift */ = {isa = PBXFileReference; lastKnownFileType = sourcecode.swift; path = CalendarViewModel.swift; sourceTree = "<group>"; };
		1E44B7D829E29D5300FFBE04 /* TaskViewModel.swift */ = {isa = PBXFileReference; lastKnownFileType = sourcecode.swift; path = TaskViewModel.swift; sourceTree = "<group>"; };
		1E44B7DA29E2A49200FFBE04 /* CalendarTableViewCell.swift */ = {isa = PBXFileReference; lastKnownFileType = sourcecode.swift; path = CalendarTableViewCell.swift; sourceTree = "<group>"; };
		1E44B7DD29E2B21900FFBE04 /* CalendarViewCell.swift */ = {isa = PBXFileReference; lastKnownFileType = sourcecode.swift; path = CalendarViewCell.swift; sourceTree = "<group>"; };
		1E44B7DF29E2D0A600FFBE04 /* TaskTableViewCell.swift */ = {isa = PBXFileReference; lastKnownFileType = sourcecode.swift; path = TaskTableViewCell.swift; sourceTree = "<group>"; };
		1E44B7E129E3317C00FFBE04 /* Double.swift */ = {isa = PBXFileReference; fileEncoding = 4; lastKnownFileType = sourcecode.swift; path = Double.swift; sourceTree = "<group>"; };
		1E44B7E329E3F90B00FFBE04 /* RealmManager.swift */ = {isa = PBXFileReference; lastKnownFileType = sourcecode.swift; path = RealmManager.swift; sourceTree = "<group>"; };
		1E44B7E829E4026600FFBE04 /* Item.swift */ = {isa = PBXFileReference; lastKnownFileType = sourcecode.swift; path = Item.swift; sourceTree = "<group>"; };
		1E44B7EA29E4026E00FFBE04 /* Category.swift */ = {isa = PBXFileReference; lastKnownFileType = sourcecode.swift; path = Category.swift; sourceTree = "<group>"; };
		5B3B84A8D1D4F9EC35BF7177 /* Pods-DayBook-DayBookUITests.debug.xcconfig */ = {isa = PBXFileReference; includeInIndex = 1; lastKnownFileType = text.xcconfig; name = "Pods-DayBook-DayBookUITests.debug.xcconfig"; path = "Target Support Files/Pods-DayBook-DayBookUITests/Pods-DayBook-DayBookUITests.debug.xcconfig"; sourceTree = "<group>"; };
		7CA9FCB768553225A589B98D /* Pods-DayBook-DayBookUITests.release.xcconfig */ = {isa = PBXFileReference; includeInIndex = 1; lastKnownFileType = text.xcconfig; name = "Pods-DayBook-DayBookUITests.release.xcconfig"; path = "Target Support Files/Pods-DayBook-DayBookUITests/Pods-DayBook-DayBookUITests.release.xcconfig"; sourceTree = "<group>"; };
		8D6565AE75A0E5108B990F7E /* Pods_DayBook.framework */ = {isa = PBXFileReference; explicitFileType = wrapper.framework; includeInIndex = 0; path = Pods_DayBook.framework; sourceTree = BUILT_PRODUCTS_DIR; };
		8DF696131699B20FCB71A2F2 /* Pods-DayBookTests.release.xcconfig */ = {isa = PBXFileReference; includeInIndex = 1; lastKnownFileType = text.xcconfig; name = "Pods-DayBookTests.release.xcconfig"; path = "Target Support Files/Pods-DayBookTests/Pods-DayBookTests.release.xcconfig"; sourceTree = "<group>"; };
		B4966FB90B36BA082BC129C7 /* Pods-DayBook.debug.xcconfig */ = {isa = PBXFileReference; includeInIndex = 1; lastKnownFileType = text.xcconfig; name = "Pods-DayBook.debug.xcconfig"; path = "Target Support Files/Pods-DayBook/Pods-DayBook.debug.xcconfig"; sourceTree = "<group>"; };
		C754D07F6F4DAB18D700C065 /* Pods-DayBookTests.debug.xcconfig */ = {isa = PBXFileReference; includeInIndex = 1; lastKnownFileType = text.xcconfig; name = "Pods-DayBookTests.debug.xcconfig"; path = "Target Support Files/Pods-DayBookTests/Pods-DayBookTests.debug.xcconfig"; sourceTree = "<group>"; };
		D3F44BD7CC4C697DD2BFC537 /* Pods_DayBookTests.framework */ = {isa = PBXFileReference; explicitFileType = wrapper.framework; includeInIndex = 0; path = Pods_DayBookTests.framework; sourceTree = BUILT_PRODUCTS_DIR; };
		EE4768945B17F13208883910 /* Pods-DayBook.release.xcconfig */ = {isa = PBXFileReference; includeInIndex = 1; lastKnownFileType = text.xcconfig; name = "Pods-DayBook.release.xcconfig"; path = "Target Support Files/Pods-DayBook/Pods-DayBook.release.xcconfig"; sourceTree = "<group>"; };
/* End PBXFileReference section */

/* Begin PBXFrameworksBuildPhase section */
		1E44B77529E28E3E00FFBE04 /* Frameworks */ = {
			isa = PBXFrameworksBuildPhase;
			buildActionMask = 2147483647;
			files = (
				D4D729133C0F8D21066072CB /* Pods_DayBook.framework in Frameworks */,
			);
			runOnlyForDeploymentPostprocessing = 0;
		};
		1E44B78B29E28E3F00FFBE04 /* Frameworks */ = {
			isa = PBXFrameworksBuildPhase;
			buildActionMask = 2147483647;
			files = (
				012854D449A86E5623150227 /* Pods_DayBookTests.framework in Frameworks */,
			);
			runOnlyForDeploymentPostprocessing = 0;
		};
		1E44B79529E28E3F00FFBE04 /* Frameworks */ = {
			isa = PBXFrameworksBuildPhase;
			buildActionMask = 2147483647;
			files = (
				B51338957152F9351133FE0F /* Pods_DayBook_DayBookUITests.framework in Frameworks */,
			);
			runOnlyForDeploymentPostprocessing = 0;
		};
/* End PBXFrameworksBuildPhase section */

/* Begin PBXGroup section */
		1501817DC2279C116E1C04B7 /* Pods */ = {
			isa = PBXGroup;
			children = (
				B4966FB90B36BA082BC129C7 /* Pods-DayBook.debug.xcconfig */,
				EE4768945B17F13208883910 /* Pods-DayBook.release.xcconfig */,
				5B3B84A8D1D4F9EC35BF7177 /* Pods-DayBook-DayBookUITests.debug.xcconfig */,
				7CA9FCB768553225A589B98D /* Pods-DayBook-DayBookUITests.release.xcconfig */,
				C754D07F6F4DAB18D700C065 /* Pods-DayBookTests.debug.xcconfig */,
				8DF696131699B20FCB71A2F2 /* Pods-DayBookTests.release.xcconfig */,
			);
			path = Pods;
			sourceTree = "<group>";
		};
		1E44B76F29E28E3E00FFBE04 = {
			isa = PBXGroup;
			children = (
				1E44B77A29E28E3E00FFBE04 /* DayBook */,
				1E44B79129E28E3F00FFBE04 /* DayBookTests */,
				1E44B79B29E28E3F00FFBE04 /* DayBookUITests */,
				1E44B77929E28E3E00FFBE04 /* Products */,
				1501817DC2279C116E1C04B7 /* Pods */,
				6D625B4BF28F22718A382226 /* Frameworks */,
			);
			sourceTree = "<group>";
		};
		1E44B77929E28E3E00FFBE04 /* Products */ = {
			isa = PBXGroup;
			children = (
				1E44B77829E28E3E00FFBE04 /* DayBook.app */,
				1E44B78E29E28E3F00FFBE04 /* DayBookTests.xctest */,
				1E44B79829E28E3F00FFBE04 /* DayBookUITests.xctest */,
			);
			name = Products;
			sourceTree = "<group>";
		};
		1E44B77A29E28E3E00FFBE04 /* DayBook */ = {
			isa = PBXGroup;
			children = (
				1E44B7AC29E28F1600FFBE04 /* Modules */,
				1E44B7CC29E2995D00FFBE04 /* Common */,
				1E44B7AB29E28ED700FFBE04 /* Applications */,
			);
			path = DayBook;
			sourceTree = "<group>";
		};
		1E44B79129E28E3F00FFBE04 /* DayBookTests */ = {
			isa = PBXGroup;
			children = (
				1E44B79229E28E3F00FFBE04 /* DayBookTests.swift */,
			);
			path = DayBookTests;
			sourceTree = "<group>";
		};
		1E44B79B29E28E3F00FFBE04 /* DayBookUITests */ = {
			isa = PBXGroup;
			children = (
				1E44B79C29E28E3F00FFBE04 /* DayBookUITests.swift */,
				1E44B79E29E28E3F00FFBE04 /* DayBookUITestsLaunchTests.swift */,
			);
			path = DayBookUITests;
			sourceTree = "<group>";
		};
		1E44B7AB29E28ED700FFBE04 /* Applications */ = {
			isa = PBXGroup;
			children = (
				1E44B77B29E28E3E00FFBE04 /* AppDelegate.swift */,
				1E44B77D29E28E3E00FFBE04 /* SceneDelegate.swift */,
				1E44B78429E28E3F00FFBE04 /* Assets.xcassets */,
				1E44B78629E28E3F00FFBE04 /* LaunchScreen.storyboard */,
				1E44B78929E28E3F00FFBE04 /* Info.plist */,
			);
			path = Applications;
			sourceTree = "<group>";
		};
		1E44B7AC29E28F1600FFBE04 /* Modules */ = {
			isa = PBXGroup;
			children = (
				1E44B7AD29E28F1C00FFBE04 /* Main */,
				1E44B7AF29E28F6200FFBE04 /* NewTask */,
				1E44B7B029E28F6900FFBE04 /* TaskDetail */,
			);
			path = Modules;
			sourceTree = "<group>";
		};
		1E44B7AD29E28F1C00FFBE04 /* Main */ = {
			isa = PBXGroup;
			children = (
				1E44B77F29E28E3E00FFBE04 /* MainViewController.swift */,
				1E44B7B129E28F8200FFBE04 /* MainPresenter.swift */,
				1E44B7CD29E29B3C00FFBE04 /* Models */,
				1E44B7CF29E29B5900FFBE04 /* Entities */,
				1E44B7CE29E29B4900FFBE04 /* Cells */,
			);
			path = Main;
			sourceTree = "<group>";
		};
		1E44B7AF29E28F6200FFBE04 /* NewTask */ = {
			isa = PBXGroup;
			children = (
				1E44B7B829E292F800FFBE04 /* NewTaskViewController.swift */,
				1E44B7BA29E2930100FFBE04 /* NewTaskPresenter.swift */,
				1E44B7E729E3FC1300FFBE04 /* Models */,
			);
			path = NewTask;
			sourceTree = "<group>";
		};
		1E44B7B029E28F6900FFBE04 /* TaskDetail */ = {
			isa = PBXGroup;
			children = (
				1E44B7BC29E2930E00FFBE04 /* TaskDetailViewController.swift */,
				1E44B7BE29E2931D00FFBE04 /* TaskDetailPresenter.swift */,
			);
			path = TaskDetail;
			sourceTree = "<group>";
		};
		1E44B7B329E2921600FFBE04 /* Managers */ = {
			isa = PBXGroup;
			children = (
				1E44B7B429E2922800FFBE04 /* CalendarManager.swift */,
				1E44B7B629E2926700FFBE04 /* ModuleBuilder.swift */,
				1E44B7E329E3F90B00FFBE04 /* RealmManager.swift */,
			);
			path = Managers;
			sourceTree = "<group>";
		};
		1E44B7C029E2989E00FFBE04 /* Extensions */ = {
			isa = PBXGroup;
			children = (
				1E44B7C329E298F500FFBE04 /* UITableView.swift */,
				1E44B7C229E298F500FFBE04 /* UiTableViewCell.swift */,
				1E44B7C129E298F500FFBE04 /* UIView.swift */,
				1E44B7E129E3317C00FFBE04 /* Double.swift */,
			);
			path = Extensions;
			sourceTree = "<group>";
		};
		1E44B7C929E2992900FFBE04 /* Helpers */ = {
			isa = PBXGroup;
			children = (
				1E44B7CA29E2993A00FFBE04 /* Helpers.swift */,
			);
			path = Helpers;
			sourceTree = "<group>";
		};
		1E44B7CC29E2995D00FFBE04 /* Common */ = {
			isa = PBXGroup;
			children = (
				1E44B7B329E2921600FFBE04 /* Managers */,
				1E44B7C029E2989E00FFBE04 /* Extensions */,
				1E44B7C929E2992900FFBE04 /* Helpers */,
			);
			path = Common;
			sourceTree = "<group>";
		};
		1E44B7CD29E29B3C00FFBE04 /* Models */ = {
			isa = PBXGroup;
			children = (
				1E44B7D029E29CFC00FFBE04 /* SectionViewModel.swift */,
				1E44B7D629E29D4900FFBE04 /* CalendarViewModel.swift */,
				1E44B7D829E29D5300FFBE04 /* TaskViewModel.swift */,
			);
			path = Models;
			sourceTree = "<group>";
		};
		1E44B7CE29E29B4900FFBE04 /* Cells */ = {
			isa = PBXGroup;
			children = (
				1E44B7DC29E2B20700FFBE04 /* subCells */,
				1E44B7DA29E2A49200FFBE04 /* CalendarTableViewCell.swift */,
				1E44B7DF29E2D0A600FFBE04 /* TaskTableViewCell.swift */,
			);
			path = Cells;
			sourceTree = "<group>";
		};
		1E44B7CF29E29B5900FFBE04 /* Entities */ = {
			isa = PBXGroup;
			children = (
				1E44B7D229E29D1C00FFBE04 /* SectionType.swift */,
				1E44B7D429E29D3100FFBE04 /* Row.swift */,
			);
			path = Entities;
			sourceTree = "<group>";
		};
		1E44B7DC29E2B20700FFBE04 /* subCells */ = {
			isa = PBXGroup;
			children = (
				1E44B7DD29E2B21900FFBE04 /* CalendarViewCell.swift */,
			);
			path = subCells;
			sourceTree = "<group>";
		};
		1E44B7E729E3FC1300FFBE04 /* Models */ = {
			isa = PBXGroup;
			children = (
				1E44B7E829E4026600FFBE04 /* Item.swift */,
				1E44B7EA29E4026E00FFBE04 /* Category.swift */,
			);
			path = Models;
			sourceTree = "<group>";
		};
		6D625B4BF28F22718A382226 /* Frameworks */ = {
			isa = PBXGroup;
			children = (
				8D6565AE75A0E5108B990F7E /* Pods_DayBook.framework */,
				13F886F57DA6293BD0633607 /* Pods_DayBook_DayBookUITests.framework */,
				D3F44BD7CC4C697DD2BFC537 /* Pods_DayBookTests.framework */,
			);
			name = Frameworks;
			sourceTree = "<group>";
		};
/* End PBXGroup section */

/* Begin PBXNativeTarget section */
		1E44B77729E28E3E00FFBE04 /* DayBook */ = {
			isa = PBXNativeTarget;
			buildConfigurationList = 1E44B7A229E28E3F00FFBE04 /* Build configuration list for PBXNativeTarget "DayBook" */;
			buildPhases = (
				FA3B36436572D51CB17DE112 /* [CP] Check Pods Manifest.lock */,
				1E44B77429E28E3E00FFBE04 /* Sources */,
				1E44B77529E28E3E00FFBE04 /* Frameworks */,
				1E44B77629E28E3E00FFBE04 /* Resources */,
				7D91A13DE3885722EA22B862 /* [CP] Embed Pods Frameworks */,
			);
			buildRules = (
			);
			dependencies = (
			);
			name = DayBook;
			productName = DayBook;
			productReference = 1E44B77829E28E3E00FFBE04 /* DayBook.app */;
			productType = "com.apple.product-type.application";
		};
		1E44B78D29E28E3F00FFBE04 /* DayBookTests */ = {
			isa = PBXNativeTarget;
			buildConfigurationList = 1E44B7A529E28E3F00FFBE04 /* Build configuration list for PBXNativeTarget "DayBookTests" */;
			buildPhases = (
				12F3980C5182311CD80D25AF /* [CP] Check Pods Manifest.lock */,
				1E44B78A29E28E3F00FFBE04 /* Sources */,
				1E44B78B29E28E3F00FFBE04 /* Frameworks */,
				1E44B78C29E28E3F00FFBE04 /* Resources */,
			);
			buildRules = (
			);
			dependencies = (
				1E44B79029E28E3F00FFBE04 /* PBXTargetDependency */,
			);
			name = DayBookTests;
			productName = DayBookTests;
			productReference = 1E44B78E29E28E3F00FFBE04 /* DayBookTests.xctest */;
			productType = "com.apple.product-type.bundle.unit-test";
		};
		1E44B79729E28E3F00FFBE04 /* DayBookUITests */ = {
			isa = PBXNativeTarget;
			buildConfigurationList = 1E44B7A829E28E3F00FFBE04 /* Build configuration list for PBXNativeTarget "DayBookUITests" */;
			buildPhases = (
				4174BEC0B2224AEA03F67A5D /* [CP] Check Pods Manifest.lock */,
				1E44B79429E28E3F00FFBE04 /* Sources */,
				1E44B79529E28E3F00FFBE04 /* Frameworks */,
				1E44B79629E28E3F00FFBE04 /* Resources */,
				BA5794E59F5BF2BCEBD05A43 /* [CP] Embed Pods Frameworks */,
			);
			buildRules = (
			);
			dependencies = (
				1E44B79A29E28E3F00FFBE04 /* PBXTargetDependency */,
			);
			name = DayBookUITests;
			productName = DayBookUITests;
			productReference = 1E44B79829E28E3F00FFBE04 /* DayBookUITests.xctest */;
			productType = "com.apple.product-type.bundle.ui-testing";
		};
/* End PBXNativeTarget section */

/* Begin PBXProject section */
		1E44B77029E28E3E00FFBE04 /* Project object */ = {
			isa = PBXProject;
			attributes = {
				BuildIndependentTargetsInParallel = 1;
				LastSwiftUpdateCheck = 1420;
				LastUpgradeCheck = 1420;
				TargetAttributes = {
					1E44B77729E28E3E00FFBE04 = {
						CreatedOnToolsVersion = 14.2;
					};
					1E44B78D29E28E3F00FFBE04 = {
						CreatedOnToolsVersion = 14.2;
						TestTargetID = 1E44B77729E28E3E00FFBE04;
					};
					1E44B79729E28E3F00FFBE04 = {
						CreatedOnToolsVersion = 14.2;
						TestTargetID = 1E44B77729E28E3E00FFBE04;
					};
				};
			};
			buildConfigurationList = 1E44B77329E28E3E00FFBE04 /* Build configuration list for PBXProject "DayBook" */;
			compatibilityVersion = "Xcode 14.0";
			developmentRegion = en;
			hasScannedForEncodings = 0;
			knownRegions = (
				en,
				Base,
			);
			mainGroup = 1E44B76F29E28E3E00FFBE04;
			productRefGroup = 1E44B77929E28E3E00FFBE04 /* Products */;
			projectDirPath = "";
			projectRoot = "";
			targets = (
				1E44B77729E28E3E00FFBE04 /* DayBook */,
				1E44B78D29E28E3F00FFBE04 /* DayBookTests */,
				1E44B79729E28E3F00FFBE04 /* DayBookUITests */,
			);
		};
/* End PBXProject section */

/* Begin PBXResourcesBuildPhase section */
		1E44B77629E28E3E00FFBE04 /* Resources */ = {
			isa = PBXResourcesBuildPhase;
			buildActionMask = 2147483647;
			files = (
				1E44B78829E28E3F00FFBE04 /* LaunchScreen.storyboard in Resources */,
				1E44B78529E28E3F00FFBE04 /* Assets.xcassets in Resources */,
			);
			runOnlyForDeploymentPostprocessing = 0;
		};
		1E44B78C29E28E3F00FFBE04 /* Resources */ = {
			isa = PBXResourcesBuildPhase;
			buildActionMask = 2147483647;
			files = (
			);
			runOnlyForDeploymentPostprocessing = 0;
		};
		1E44B79629E28E3F00FFBE04 /* Resources */ = {
			isa = PBXResourcesBuildPhase;
			buildActionMask = 2147483647;
			files = (
			);
			runOnlyForDeploymentPostprocessing = 0;
		};
/* End PBXResourcesBuildPhase section */

/* Begin PBXShellScriptBuildPhase section */
		12F3980C5182311CD80D25AF /* [CP] Check Pods Manifest.lock */ = {
			isa = PBXShellScriptBuildPhase;
			buildActionMask = 2147483647;
			files = (
			);
			inputFileListPaths = (
			);
			inputPaths = (
				"${PODS_PODFILE_DIR_PATH}/Podfile.lock",
				"${PODS_ROOT}/Manifest.lock",
			);
			name = "[CP] Check Pods Manifest.lock";
			outputFileListPaths = (
			);
			outputPaths = (
				"$(DERIVED_FILE_DIR)/Pods-DayBookTests-checkManifestLockResult.txt",
			);
			runOnlyForDeploymentPostprocessing = 0;
			shellPath = /bin/sh;
			shellScript = "diff \"${PODS_PODFILE_DIR_PATH}/Podfile.lock\" \"${PODS_ROOT}/Manifest.lock\" > /dev/null\nif [ $? != 0 ] ; then\n    # print error to STDERR\n    echo \"error: The sandbox is not in sync with the Podfile.lock. Run 'pod install' or update your CocoaPods installation.\" >&2\n    exit 1\nfi\n# This output is used by Xcode 'outputs' to avoid re-running this script phase.\necho \"SUCCESS\" > \"${SCRIPT_OUTPUT_FILE_0}\"\n";
			showEnvVarsInLog = 0;
		};
		4174BEC0B2224AEA03F67A5D /* [CP] Check Pods Manifest.lock */ = {
			isa = PBXShellScriptBuildPhase;
			buildActionMask = 2147483647;
			files = (
			);
			inputFileListPaths = (
			);
			inputPaths = (
				"${PODS_PODFILE_DIR_PATH}/Podfile.lock",
				"${PODS_ROOT}/Manifest.lock",
			);
			name = "[CP] Check Pods Manifest.lock";
			outputFileListPaths = (
			);
			outputPaths = (
				"$(DERIVED_FILE_DIR)/Pods-DayBook-DayBookUITests-checkManifestLockResult.txt",
			);
			runOnlyForDeploymentPostprocessing = 0;
			shellPath = /bin/sh;
			shellScript = "diff \"${PODS_PODFILE_DIR_PATH}/Podfile.lock\" \"${PODS_ROOT}/Manifest.lock\" > /dev/null\nif [ $? != 0 ] ; then\n    # print error to STDERR\n    echo \"error: The sandbox is not in sync with the Podfile.lock. Run 'pod install' or update your CocoaPods installation.\" >&2\n    exit 1\nfi\n# This output is used by Xcode 'outputs' to avoid re-running this script phase.\necho \"SUCCESS\" > \"${SCRIPT_OUTPUT_FILE_0}\"\n";
			showEnvVarsInLog = 0;
		};
		7D91A13DE3885722EA22B862 /* [CP] Embed Pods Frameworks */ = {
			isa = PBXShellScriptBuildPhase;
			buildActionMask = 2147483647;
			files = (
			);
			inputFileListPaths = (
				"${PODS_ROOT}/Target Support Files/Pods-DayBook/Pods-DayBook-frameworks-${CONFIGURATION}-input-files.xcfilelist",
			);
			name = "[CP] Embed Pods Frameworks";
			outputFileListPaths = (
				"${PODS_ROOT}/Target Support Files/Pods-DayBook/Pods-DayBook-frameworks-${CONFIGURATION}-output-files.xcfilelist",
			);
			runOnlyForDeploymentPostprocessing = 0;
			shellPath = /bin/sh;
			shellScript = "\"${PODS_ROOT}/Target Support Files/Pods-DayBook/Pods-DayBook-frameworks.sh\"\n";
			showEnvVarsInLog = 0;
		};
		BA5794E59F5BF2BCEBD05A43 /* [CP] Embed Pods Frameworks */ = {
			isa = PBXShellScriptBuildPhase;
			buildActionMask = 2147483647;
			files = (
			);
			inputFileListPaths = (
				"${PODS_ROOT}/Target Support Files/Pods-DayBook-DayBookUITests/Pods-DayBook-DayBookUITests-frameworks-${CONFIGURATION}-input-files.xcfilelist",
			);
			name = "[CP] Embed Pods Frameworks";
			outputFileListPaths = (
				"${PODS_ROOT}/Target Support Files/Pods-DayBook-DayBookUITests/Pods-DayBook-DayBookUITests-frameworks-${CONFIGURATION}-output-files.xcfilelist",
			);
			runOnlyForDeploymentPostprocessing = 0;
			shellPath = /bin/sh;
			shellScript = "\"${PODS_ROOT}/Target Support Files/Pods-DayBook-DayBookUITests/Pods-DayBook-DayBookUITests-frameworks.sh\"\n";
			showEnvVarsInLog = 0;
		};
		FA3B36436572D51CB17DE112 /* [CP] Check Pods Manifest.lock */ = {
			isa = PBXShellScriptBuildPhase;
			buildActionMask = 2147483647;
			files = (
			);
			inputFileListPaths = (
			);
			inputPaths = (
				"${PODS_PODFILE_DIR_PATH}/Podfile.lock",
				"${PODS_ROOT}/Manifest.lock",
			);
			name = "[CP] Check Pods Manifest.lock";
			outputFileListPaths = (
			);
			outputPaths = (
				"$(DERIVED_FILE_DIR)/Pods-DayBook-checkManifestLockResult.txt",
			);
			runOnlyForDeploymentPostprocessing = 0;
			shellPath = /bin/sh;
			shellScript = "diff \"${PODS_PODFILE_DIR_PATH}/Podfile.lock\" \"${PODS_ROOT}/Manifest.lock\" > /dev/null\nif [ $? != 0 ] ; then\n    # print error to STDERR\n    echo \"error: The sandbox is not in sync with the Podfile.lock. Run 'pod install' or update your CocoaPods installation.\" >&2\n    exit 1\nfi\n# This output is used by Xcode 'outputs' to avoid re-running this script phase.\necho \"SUCCESS\" > \"${SCRIPT_OUTPUT_FILE_0}\"\n";
			showEnvVarsInLog = 0;
		};
/* End PBXShellScriptBuildPhase section */

/* Begin PBXSourcesBuildPhase section */
		1E44B77429E28E3E00FFBE04 /* Sources */ = {
			isa = PBXSourcesBuildPhase;
			buildActionMask = 2147483647;
			files = (
				1E44B7BD29E2930E00FFBE04 /* TaskDetailViewController.swift in Sources */,
				1E44B7CB29E2993A00FFBE04 /* Helpers.swift in Sources */,
				1E44B7E029E2D0A600FFBE04 /* TaskTableViewCell.swift in Sources */,
				1E44B7D529E29D3100FFBE04 /* Row.swift in Sources */,
				1E44B7DB29E2A49200FFBE04 /* CalendarTableViewCell.swift in Sources */,
				1E44B7E929E4026600FFBE04 /* Item.swift in Sources */,
				1E44B78029E28E3E00FFBE04 /* MainViewController.swift in Sources */,
				1E44B7D329E29D1C00FFBE04 /* SectionType.swift in Sources */,
				1E44B7C429E298F500FFBE04 /* UIView.swift in Sources */,
				1E44B7EB29E4026E00FFBE04 /* Category.swift in Sources */,
				1E44B7D729E29D4900FFBE04 /* CalendarViewModel.swift in Sources */,
				1E44B7B929E292F800FFBE04 /* NewTaskViewController.swift in Sources */,
				1E44B77C29E28E3E00FFBE04 /* AppDelegate.swift in Sources */,
				1E44B7E229E3317C00FFBE04 /* Double.swift in Sources */,
				1E44B7C529E298F500FFBE04 /* UiTableViewCell.swift in Sources */,
				1E44B77E29E28E3E00FFBE04 /* SceneDelegate.swift in Sources */,
				1E44B7D929E29D5300FFBE04 /* TaskViewModel.swift in Sources */,
				1E44B7B229E28F8200FFBE04 /* MainPresenter.swift in Sources */,
				1E44B7BF29E2931D00FFBE04 /* TaskDetailPresenter.swift in Sources */,
				1E44B7E429E3F90B00FFBE04 /* RealmManager.swift in Sources */,
				1E44B7B529E2922800FFBE04 /* CalendarManager.swift in Sources */,
				1E44B7C629E298F500FFBE04 /* UITableView.swift in Sources */,
				1E44B7BB29E2930100FFBE04 /* NewTaskPresenter.swift in Sources */,
				1E44B7DE29E2B21900FFBE04 /* CalendarViewCell.swift in Sources */,
				1E44B7D129E29CFC00FFBE04 /* SectionViewModel.swift in Sources */,
				1E44B7B729E2926700FFBE04 /* ModuleBuilder.swift in Sources */,
			);
			runOnlyForDeploymentPostprocessing = 0;
		};
		1E44B78A29E28E3F00FFBE04 /* Sources */ = {
			isa = PBXSourcesBuildPhase;
			buildActionMask = 2147483647;
			files = (
				1E44B79329E28E3F00FFBE04 /* DayBookTests.swift in Sources */,
			);
			runOnlyForDeploymentPostprocessing = 0;
		};
		1E44B79429E28E3F00FFBE04 /* Sources */ = {
			isa = PBXSourcesBuildPhase;
			buildActionMask = 2147483647;
			files = (
				1E44B79F29E28E3F00FFBE04 /* DayBookUITestsLaunchTests.swift in Sources */,
				1E44B79D29E28E3F00FFBE04 /* DayBookUITests.swift in Sources */,
			);
			runOnlyForDeploymentPostprocessing = 0;
		};
/* End PBXSourcesBuildPhase section */

/* Begin PBXTargetDependency section */
		1E44B79029E28E3F00FFBE04 /* PBXTargetDependency */ = {
			isa = PBXTargetDependency;
			target = 1E44B77729E28E3E00FFBE04 /* DayBook */;
			targetProxy = 1E44B78F29E28E3F00FFBE04 /* PBXContainerItemProxy */;
		};
		1E44B79A29E28E3F00FFBE04 /* PBXTargetDependency */ = {
			isa = PBXTargetDependency;
			target = 1E44B77729E28E3E00FFBE04 /* DayBook */;
			targetProxy = 1E44B79929E28E3F00FFBE04 /* PBXContainerItemProxy */;
		};
/* End PBXTargetDependency section */

/* Begin PBXVariantGroup section */
		1E44B78629E28E3F00FFBE04 /* LaunchScreen.storyboard */ = {
			isa = PBXVariantGroup;
			children = (
				1E44B78729E28E3F00FFBE04 /* Base */,
			);
			name = LaunchScreen.storyboard;
			sourceTree = "<group>";
		};
/* End PBXVariantGroup section */

/* Begin XCBuildConfiguration section */
		1E44B7A029E28E3F00FFBE04 /* Debug */ = {
			isa = XCBuildConfiguration;
			buildSettings = {
				ALWAYS_SEARCH_USER_PATHS = NO;
				CLANG_ANALYZER_NONNULL = YES;
				CLANG_ANALYZER_NUMBER_OBJECT_CONVERSION = YES_AGGRESSIVE;
				CLANG_CXX_LANGUAGE_STANDARD = "gnu++20";
				CLANG_ENABLE_MODULES = YES;
				CLANG_ENABLE_OBJC_ARC = YES;
				CLANG_ENABLE_OBJC_WEAK = YES;
				CLANG_WARN_BLOCK_CAPTURE_AUTORELEASING = YES;
				CLANG_WARN_BOOL_CONVERSION = YES;
				CLANG_WARN_COMMA = YES;
				CLANG_WARN_CONSTANT_CONVERSION = YES;
				CLANG_WARN_DEPRECATED_OBJC_IMPLEMENTATIONS = YES;
				CLANG_WARN_DIRECT_OBJC_ISA_USAGE = YES_ERROR;
				CLANG_WARN_DOCUMENTATION_COMMENTS = YES;
				CLANG_WARN_EMPTY_BODY = YES;
				CLANG_WARN_ENUM_CONVERSION = YES;
				CLANG_WARN_INFINITE_RECURSION = YES;
				CLANG_WARN_INT_CONVERSION = YES;
				CLANG_WARN_NON_LITERAL_NULL_CONVERSION = YES;
				CLANG_WARN_OBJC_IMPLICIT_RETAIN_SELF = YES;
				CLANG_WARN_OBJC_LITERAL_CONVERSION = YES;
				CLANG_WARN_OBJC_ROOT_CLASS = YES_ERROR;
				CLANG_WARN_QUOTED_INCLUDE_IN_FRAMEWORK_HEADER = YES;
				CLANG_WARN_RANGE_LOOP_ANALYSIS = YES;
				CLANG_WARN_STRICT_PROTOTYPES = YES;
				CLANG_WARN_SUSPICIOUS_MOVE = YES;
				CLANG_WARN_UNGUARDED_AVAILABILITY = YES_AGGRESSIVE;
				CLANG_WARN_UNREACHABLE_CODE = YES;
				CLANG_WARN__DUPLICATE_METHOD_MATCH = YES;
				COPY_PHASE_STRIP = NO;
				DEBUG_INFORMATION_FORMAT = dwarf;
				ENABLE_STRICT_OBJC_MSGSEND = YES;
				ENABLE_TESTABILITY = YES;
				GCC_C_LANGUAGE_STANDARD = gnu11;
				GCC_DYNAMIC_NO_PIC = NO;
				GCC_NO_COMMON_BLOCKS = YES;
				GCC_OPTIMIZATION_LEVEL = 0;
				GCC_PREPROCESSOR_DEFINITIONS = (
					"DEBUG=1",
					"$(inherited)",
				);
				GCC_WARN_64_TO_32_BIT_CONVERSION = YES;
				GCC_WARN_ABOUT_RETURN_TYPE = YES_ERROR;
				GCC_WARN_UNDECLARED_SELECTOR = YES;
				GCC_WARN_UNINITIALIZED_AUTOS = YES_AGGRESSIVE;
				GCC_WARN_UNUSED_FUNCTION = YES;
				GCC_WARN_UNUSED_VARIABLE = YES;
				IPHONEOS_DEPLOYMENT_TARGET = 12.0;
				MTL_ENABLE_DEBUG_INFO = INCLUDE_SOURCE;
				MTL_FAST_MATH = YES;
				ONLY_ACTIVE_ARCH = YES;
				SDKROOT = iphoneos;
				SWIFT_ACTIVE_COMPILATION_CONDITIONS = DEBUG;
				SWIFT_OPTIMIZATION_LEVEL = "-Onone";
			};
			name = Debug;
		};
		1E44B7A129E28E3F00FFBE04 /* Release */ = {
			isa = XCBuildConfiguration;
			buildSettings = {
				ALWAYS_SEARCH_USER_PATHS = NO;
				CLANG_ANALYZER_NONNULL = YES;
				CLANG_ANALYZER_NUMBER_OBJECT_CONVERSION = YES_AGGRESSIVE;
				CLANG_CXX_LANGUAGE_STANDARD = "gnu++20";
				CLANG_ENABLE_MODULES = YES;
				CLANG_ENABLE_OBJC_ARC = YES;
				CLANG_ENABLE_OBJC_WEAK = YES;
				CLANG_WARN_BLOCK_CAPTURE_AUTORELEASING = YES;
				CLANG_WARN_BOOL_CONVERSION = YES;
				CLANG_WARN_COMMA = YES;
				CLANG_WARN_CONSTANT_CONVERSION = YES;
				CLANG_WARN_DEPRECATED_OBJC_IMPLEMENTATIONS = YES;
				CLANG_WARN_DIRECT_OBJC_ISA_USAGE = YES_ERROR;
				CLANG_WARN_DOCUMENTATION_COMMENTS = YES;
				CLANG_WARN_EMPTY_BODY = YES;
				CLANG_WARN_ENUM_CONVERSION = YES;
				CLANG_WARN_INFINITE_RECURSION = YES;
				CLANG_WARN_INT_CONVERSION = YES;
				CLANG_WARN_NON_LITERAL_NULL_CONVERSION = YES;
				CLANG_WARN_OBJC_IMPLICIT_RETAIN_SELF = YES;
				CLANG_WARN_OBJC_LITERAL_CONVERSION = YES;
				CLANG_WARN_OBJC_ROOT_CLASS = YES_ERROR;
				CLANG_WARN_QUOTED_INCLUDE_IN_FRAMEWORK_HEADER = YES;
				CLANG_WARN_RANGE_LOOP_ANALYSIS = YES;
				CLANG_WARN_STRICT_PROTOTYPES = YES;
				CLANG_WARN_SUSPICIOUS_MOVE = YES;
				CLANG_WARN_UNGUARDED_AVAILABILITY = YES_AGGRESSIVE;
				CLANG_WARN_UNREACHABLE_CODE = YES;
				CLANG_WARN__DUPLICATE_METHOD_MATCH = YES;
				COPY_PHASE_STRIP = NO;
				DEBUG_INFORMATION_FORMAT = "dwarf-with-dsym";
				ENABLE_NS_ASSERTIONS = NO;
				ENABLE_STRICT_OBJC_MSGSEND = YES;
				GCC_C_LANGUAGE_STANDARD = gnu11;
				GCC_NO_COMMON_BLOCKS = YES;
				GCC_WARN_64_TO_32_BIT_CONVERSION = YES;
				GCC_WARN_ABOUT_RETURN_TYPE = YES_ERROR;
				GCC_WARN_UNDECLARED_SELECTOR = YES;
				GCC_WARN_UNINITIALIZED_AUTOS = YES_AGGRESSIVE;
				GCC_WARN_UNUSED_FUNCTION = YES;
				GCC_WARN_UNUSED_VARIABLE = YES;
				IPHONEOS_DEPLOYMENT_TARGET = 12.0;
				MTL_ENABLE_DEBUG_INFO = NO;
				MTL_FAST_MATH = YES;
				SDKROOT = iphoneos;
				SWIFT_COMPILATION_MODE = wholemodule;
				SWIFT_OPTIMIZATION_LEVEL = "-O";
				VALIDATE_PRODUCT = YES;
			};
			name = Release;
		};
		1E44B7A329E28E3F00FFBE04 /* Debug */ = {
			isa = XCBuildConfiguration;
			baseConfigurationReference = B4966FB90B36BA082BC129C7 /* Pods-DayBook.debug.xcconfig */;
			buildSettings = {
				ASSETCATALOG_COMPILER_APPICON_NAME = AppIcon;
				ASSETCATALOG_COMPILER_GLOBAL_ACCENT_COLOR_NAME = AccentColor;
				CODE_SIGN_STYLE = Automatic;
				CURRENT_PROJECT_VERSION = 1;
				DEVELOPMENT_TEAM = F39TQUV5PU;
				GENERATE_INFOPLIST_FILE = YES;
				INFOPLIST_FILE = DayBook/Applications/Info.plist;
				INFOPLIST_KEY_UIApplicationSupportsIndirectInputEvents = YES;
				INFOPLIST_KEY_UILaunchStoryboardName = LaunchScreen;
				INFOPLIST_KEY_UISupportedInterfaceOrientations_iPad = "UIInterfaceOrientationPortrait UIInterfaceOrientationPortraitUpsideDown UIInterfaceOrientationLandscapeLeft UIInterfaceOrientationLandscapeRight";
				INFOPLIST_KEY_UISupportedInterfaceOrientations_iPhone = "UIInterfaceOrientationPortrait UIInterfaceOrientationLandscapeLeft UIInterfaceOrientationLandscapeRight";
				LD_RUNPATH_SEARCH_PATHS = (
					"$(inherited)",
					"@executable_path/Frameworks",
				);
				MARKETING_VERSION = 1.0;
				PRODUCT_BUNDLE_IDENTIFIER = Gold.DayBook;
				PRODUCT_NAME = "$(TARGET_NAME)";
				SWIFT_EMIT_LOC_STRINGS = YES;
				SWIFT_VERSION = 5.0;
				TARGETED_DEVICE_FAMILY = "1,2";
			};
			name = Debug;
		};
		1E44B7A429E28E3F00FFBE04 /* Release */ = {
			isa = XCBuildConfiguration;
			baseConfigurationReference = EE4768945B17F13208883910 /* Pods-DayBook.release.xcconfig */;
			buildSettings = {
				ASSETCATALOG_COMPILER_APPICON_NAME = AppIcon;
				ASSETCATALOG_COMPILER_GLOBAL_ACCENT_COLOR_NAME = AccentColor;
				CODE_SIGN_STYLE = Automatic;
				CURRENT_PROJECT_VERSION = 1;
				DEVELOPMENT_TEAM = F39TQUV5PU;
				GENERATE_INFOPLIST_FILE = YES;
				INFOPLIST_FILE = DayBook/Applications/Info.plist;
				INFOPLIST_KEY_UIApplicationSupportsIndirectInputEvents = YES;
				INFOPLIST_KEY_UILaunchStoryboardName = LaunchScreen;
				INFOPLIST_KEY_UISupportedInterfaceOrientations_iPad = "UIInterfaceOrientationPortrait UIInterfaceOrientationPortraitUpsideDown UIInterfaceOrientationLandscapeLeft UIInterfaceOrientationLandscapeRight";
				INFOPLIST_KEY_UISupportedInterfaceOrientations_iPhone = "UIInterfaceOrientationPortrait UIInterfaceOrientationLandscapeLeft UIInterfaceOrientationLandscapeRight";
				LD_RUNPATH_SEARCH_PATHS = (
					"$(inherited)",
					"@executable_path/Frameworks",
				);
				MARKETING_VERSION = 1.0;
				PRODUCT_BUNDLE_IDENTIFIER = Gold.DayBook;
				PRODUCT_NAME = "$(TARGET_NAME)";
				SWIFT_EMIT_LOC_STRINGS = YES;
				SWIFT_VERSION = 5.0;
				TARGETED_DEVICE_FAMILY = "1,2";
			};
			name = Release;
		};
		1E44B7A629E28E3F00FFBE04 /* Debug */ = {
			isa = XCBuildConfiguration;
			baseConfigurationReference = C754D07F6F4DAB18D700C065 /* Pods-DayBookTests.debug.xcconfig */;
			buildSettings = {
				ALWAYS_EMBED_SWIFT_STANDARD_LIBRARIES = YES;
				BUNDLE_LOADER = "$(TEST_HOST)";
				CODE_SIGN_STYLE = Automatic;
				CURRENT_PROJECT_VERSION = 1;
				DEVELOPMENT_TEAM = F39TQUV5PU;
				GENERATE_INFOPLIST_FILE = YES;
				IPHONEOS_DEPLOYMENT_TARGET = 12.0;
				MARKETING_VERSION = 1.0;
				PRODUCT_BUNDLE_IDENTIFIER = Gold.DayBookTests;
				PRODUCT_NAME = "$(TARGET_NAME)";
				SWIFT_EMIT_LOC_STRINGS = NO;
				SWIFT_VERSION = 5.0;
				TARGETED_DEVICE_FAMILY = "1,2";
				TEST_HOST = "$(BUILT_PRODUCTS_DIR)/DayBook.app/$(BUNDLE_EXECUTABLE_FOLDER_PATH)/DayBook";
			};
			name = Debug;
		};
		1E44B7A729E28E3F00FFBE04 /* Release */ = {
			isa = XCBuildConfiguration;
			baseConfigurationReference = 8DF696131699B20FCB71A2F2 /* Pods-DayBookTests.release.xcconfig */;
			buildSettings = {
				ALWAYS_EMBED_SWIFT_STANDARD_LIBRARIES = YES;
				BUNDLE_LOADER = "$(TEST_HOST)";
				CODE_SIGN_STYLE = Automatic;
				CURRENT_PROJECT_VERSION = 1;
				DEVELOPMENT_TEAM = F39TQUV5PU;
				GENERATE_INFOPLIST_FILE = YES;
				IPHONEOS_DEPLOYMENT_TARGET = 12.0;
				MARKETING_VERSION = 1.0;
				PRODUCT_BUNDLE_IDENTIFIER = Gold.DayBookTests;
				PRODUCT_NAME = "$(TARGET_NAME)";
				SWIFT_EMIT_LOC_STRINGS = NO;
				SWIFT_VERSION = 5.0;
				TARGETED_DEVICE_FAMILY = "1,2";
				TEST_HOST = "$(BUILT_PRODUCTS_DIR)/DayBook.app/$(BUNDLE_EXECUTABLE_FOLDER_PATH)/DayBook";
			};
			name = Release;
		};
		1E44B7A929E28E3F00FFBE04 /* Debug */ = {
			isa = XCBuildConfiguration;
			baseConfigurationReference = 5B3B84A8D1D4F9EC35BF7177 /* Pods-DayBook-DayBookUITests.debug.xcconfig */;
			buildSettings = {
				ALWAYS_EMBED_SWIFT_STANDARD_LIBRARIES = YES;
				CODE_SIGN_STYLE = Automatic;
				CURRENT_PROJECT_VERSION = 1;
				DEVELOPMENT_TEAM = F39TQUV5PU;
				GENERATE_INFOPLIST_FILE = YES;
				MARKETING_VERSION = 1.0;
				PRODUCT_BUNDLE_IDENTIFIER = Gold.DayBookUITests;
				PRODUCT_NAME = "$(TARGET_NAME)";
				SWIFT_EMIT_LOC_STRINGS = NO;
				SWIFT_VERSION = 5.0;
				TARGETED_DEVICE_FAMILY = "1,2";
				TEST_TARGET_NAME = DayBook;
			};
			name = Debug;
		};
		1E44B7AA29E28E3F00FFBE04 /* Release */ = {
			isa = XCBuildConfiguration;
			baseConfigurationReference = 7CA9FCB768553225A589B98D /* Pods-DayBook-DayBookUITests.release.xcconfig */;
			buildSettings = {
				ALWAYS_EMBED_SWIFT_STANDARD_LIBRARIES = YES;
				CODE_SIGN_STYLE = Automatic;
				CURRENT_PROJECT_VERSION = 1;
				DEVELOPMENT_TEAM = F39TQUV5PU;
				GENERATE_INFOPLIST_FILE = YES;
				MARKETING_VERSION = 1.0;
				PRODUCT_BUNDLE_IDENTIFIER = Gold.DayBookUITests;
				PRODUCT_NAME = "$(TARGET_NAME)";
				SWIFT_EMIT_LOC_STRINGS = NO;
				SWIFT_VERSION = 5.0;
				TARGETED_DEVICE_FAMILY = "1,2";
				TEST_TARGET_NAME = DayBook;
			};
			name = Release;
		};
/* End XCBuildConfiguration section */

/* Begin XCConfigurationList section */
		1E44B77329E28E3E00FFBE04 /* Build configuration list for PBXProject "DayBook" */ = {
			isa = XCConfigurationList;
			buildConfigurations = (
				1E44B7A029E28E3F00FFBE04 /* Debug */,
				1E44B7A129E28E3F00FFBE04 /* Release */,
			);
			defaultConfigurationIsVisible = 0;
			defaultConfigurationName = Release;
		};
		1E44B7A229E28E3F00FFBE04 /* Build configuration list for PBXNativeTarget "DayBook" */ = {
			isa = XCConfigurationList;
			buildConfigurations = (
				1E44B7A329E28E3F00FFBE04 /* Debug */,
				1E44B7A429E28E3F00FFBE04 /* Release */,
			);
			defaultConfigurationIsVisible = 0;
			defaultConfigurationName = Release;
		};
		1E44B7A529E28E3F00FFBE04 /* Build configuration list for PBXNativeTarget "DayBookTests" */ = {
			isa = XCConfigurationList;
			buildConfigurations = (
				1E44B7A629E28E3F00FFBE04 /* Debug */,
				1E44B7A729E28E3F00FFBE04 /* Release */,
			);
			defaultConfigurationIsVisible = 0;
			defaultConfigurationName = Release;
		};
		1E44B7A829E28E3F00FFBE04 /* Build configuration list for PBXNativeTarget "DayBookUITests" */ = {
			isa = XCConfigurationList;
			buildConfigurations = (
				1E44B7A929E28E3F00FFBE04 /* Debug */,
				1E44B7AA29E28E3F00FFBE04 /* Release */,
			);
			defaultConfigurationIsVisible = 0;
			defaultConfigurationName = Release;
		};
/* End XCConfigurationList section */
	};
	rootObject = 1E44B77029E28E3E00FFBE04 /* Project object */;
}
